Microsoft Visual Studio Solution File, Format Version 12.00
# Visual Studio Version 17
VisualStudioVersion = 17.5.2.0
MinimumVisualStudioVersion = 10.0.40219.1
Project("{FAE04EC0-301F-11D3-BF4B-00C04F79EFBC}") = "FlutterMcpServer", "FlutterMcpServer.csproj", "{24D2D382-036C-629D-C8D4-363F52809C7F}"
EndProject
Global
	GlobalSection(SolutionConfigurationPlatforms) = preSolution
		Debug|Any CPU = Debug|Any CPU
		Release|Any CPU = Release|Any CPU
	EndGlobalSection
	GlobalSection(ProjectConfigurationPlatforms) = postSolution
		{24D2D382-036C-629D-C8D4-363F52809C7F}.Debug|Any CPU.ActiveCfg = Debug|Any CPU
		{24D2D382-036C-629D-C8D4-363F52809C7F}.Debug|Any CPU.Build.0 = Debug|Any CPU
		{24D2D382-036C-629D-C8D4-363F52809C7F}.Release|Any CPU.ActiveCfg = Release|Any CPU
		{24D2D382-036C-629D-C8D4-363F52809C7F}.Release|Any CPU.Build.0 = Release|Any CPU
	EndGlobalSection
	GlobalSection(SolutionProperties) = preSolution
		HideSolutionNode = FALSE
	EndGlobalSection
	GlobalSection(ExtensibilityGlobals) = postSolution
		SolutionGuid = {B84150CF-61E0-4C2F-8F13-4BDB7A2147D1}
	EndGlobalSection
EndGlobal
